schema: '2.0'
stages:
  train:
    cmd: python "./Landslide Deploment/model.py"
    deps:
    - path: ./Landslide Deploment/model.py
      md5: 59c45090f1371c8889123fad3db0291f
      size: 1358
    outs:
    - path: LandslideRF.pkl
      md5: db010281831ade0ad2ad917dcfa3f029
      size: 1286306
    - path: metrics.json
      md5: 4c798fb27b998438d47821dcdaf0d381
      size: 31
