schema: '2.0'
stages:
  train:
    cmd: python "./Landslide Deploment/model.py"
    deps:
    - path: ./Landslide Deploment/model.py
      md5: ddc24ae1ea7fc19148b4193da4cd33d2
      size: 1356
    outs:
    - path: LandslideRF.pkl
      md5: dbfaf2e82b747bd6f46103b95cb5bab1
      size: 1271761
    - path: metrics.json
      md5: 6ba59fe9059babc837df55f478305854
      size: 30
